# THIS IS AN AUTOGENERATED FILE. DO NOT EDIT THIS FILE DIRECTLY.
# yarn lockfile v1


"@protobuf-ts/protoc@^2.4.0":
  version "2.4.0"
  resolved "https://registry.yarnpkg.com/@protobuf-ts/protoc/-/protoc-2.4.0.tgz#5183997657471ff09390de3e4ba0d3bbaceaba3e"
  integrity sha512-W5xb+xhBgjP/nfntxO2eIyhMc7smeypflj6sH8Tp25H8MPGagE3kuOCe8F7PxOJzLZgHg7bMhubr7EymSaBNmw==

"@types/google-protobuf@^3.7.0":
  version "3.15.5"
  resolved "https://registry.yarnpkg.com/@types/google-protobuf/-/google-protobuf-3.15.5.tgz#644b2be0f5613b1f822c70c73c6b0e0b5b5fa2ad"
  integrity sha512-6bgv24B+A2bo9AfzReeg5StdiijKzwwnRflA8RLd1V4Yv995LeTmo0z69/MPbBDFSiZWdZHQygLo/ccXhMEDgw==

google-protobuf@^3.14.0:
  version "3.19.4"
  resolved "https://registry.yarnpkg.com/google-protobuf/-/google-protobuf-3.19.4.tgz#8d32c3e34be9250956f28c0fb90955d13f311888"
  integrity sha512-OIPNCxsG2lkIvf+P5FNfJ/Km95CsXOBecS9ZcAU6m2Rq3svc0Apl9nB3GMDNKfQ9asNv4KjyAqGwPQFrVle3Yg==

grpc-web@^1.3.1:
  version "1.3.1"
  resolved "https://registry.yarnpkg.com/grpc-web/-/grpc-web-1.3.1.tgz#6d8affe75a103790b7ad570824e765a1d6a418e4"
  integrity sha512-VxyYEAGsatecAFY3xieRDzsuhm92yQBsJD7fd5Z3MY150hZWPwkrUWetzJ0QK5W0uym4+VedPQrei38wk0eIjQ==

typescript@^4.6.3:
  version "4.6.3"
  resolved "https://registry.yarnpkg.com/typescript/-/typescript-4.6.3.tgz#eefeafa6afdd31d725584c67a0eaba80f6fc6c6c"
  integrity sha512-yNIatDa5iaofVozS/uQJEl3JRWLKKGJKh6Yaiv0GLGSuhpFJe7P3SbHZ8/yjAHRQwKRoA6YZqlfjXWmVzoVSMw==
